PODS:
  - Capacitor (5.0.3):
    - CapacitorCordova
  - CapacitorCommunityBluetoothLe (3.0.0):
    - Capacitor
  - CapacitorCordova (5.0.3)

DEPENDENCIES:
  - "Capacitor (from `../../node_modules/@capacitor/ios`)"
  - "CapacitorCommunityBluetoothLe (from `../../node_modules/@capacitor-community/bluetooth-le`)"
  - "CapacitorCordova (from `../../node_modules/@capacitor/ios`)"

EXTERNAL SOURCES:
  Capacitor:
    :path: "../../node_modules/@capacitor/ios"
  CapacitorCommunityBluetoothLe:
    :path: "../../node_modules/@capacitor-community/bluetooth-le"
  CapacitorCordova:
    :path: "../../node_modules/@capacitor/ios"

SPEC CHECKSUMS:
  Capacitor: 304a960e431f9e6f78556554ca71c41c1b2b9680
  CapacitorCommunityBluetoothLe: f2cab9f83b1ac5568c6450f39ad6c8553c64ef16
  CapacitorCordova: def732a63679698df6fb392bbe6d269a0b61e937

PODFILE CHECKSUM: 47998e176d73fb1dcd46c2cd81d1fab8a9f392d8

COCOAPODS: 1.12.1
